
Microsoft Visual Studio Solution File, Format Version 12.00
# Visual Studio 15
Project("{FAE04EC0-301F-11D3-BF4B-00C04F79EFBC}") = "SampleAPI", "SampleAPI\SampleAPI.csproj", "{EDD49F2C-F572-40C0-A6D4-9DF093A2A3D0}"
EndProject
Global
	GlobalSection(SolutionConfigurationPlatforms) = preSolution
		Debug|Any CPU = Debug|Any CPU
		Release|Any CPU = Release|Any CPU
	EndGlobalSection
	GlobalSection(ProjectConfigurationPlatforms) = postSolution
		{EDD49F2C-F572-40C0-A6D4-9DF093A2A3D0}.Debug|Any CPU.ActiveCfg = Debug|Any CPU
		{EDD49F2C-F572-40C0-A6D4-9DF093A2A3D0}.Debug|Any CPU.Build.0 = Debug|Any CPU
		{EDD49F2C-F572-40C0-A6D4-9DF093A2A3D0}.Release|Any CPU.ActiveCfg = Release|Any CPU
		{EDD49F2C-F572-40C0-A6D4-9DF093A2A3D0}.Release|Any CPU.Build.0 = Release|Any CPU
	EndGlobalSection
EndGlobal
